
Microsoft Visual Studio Solution File, Format Version 12.00
# Visual Studio Version 17
VisualStudioVersion = 17.10.34916.146
MinimumVisualStudioVersion = 10.0.40219.1
Project("{FAE04EC0-301F-11D3-BF4B-00C04F79EFBC}") = "PGYWebsite", "PGYWebsite.csproj", "{A2161EC2-6BA3-4611-86FD-4AF078BA54F6}"
EndProject
Global
	GlobalSection(SolutionConfigurationPlatforms) = preSolution
		Debug|Any CPU = Debug|Any CPU
		Release|Any CPU = Release|Any CPU
	EndGlobalSection
	GlobalSection(ProjectConfigurationPlatforms) = postSolution
		{A2161EC2-6BA3-4611-86FD-4AF078BA54F6}.Debug|Any CPU.ActiveCfg = Debug|Any CPU
		{A2161EC2-6BA3-4611-86FD-4AF078BA54F6}.Debug|Any CPU.Build.0 = Debug|Any CPU
		{A2161EC2-6BA3-4611-86FD-4AF078BA54F6}.Release|Any CPU.ActiveCfg = Release|Any CPU
		{A2161EC2-6BA3-4611-86FD-4AF078BA54F6}.Release|Any CPU.Build.0 = Release|Any CPU
	EndGlobalSection
	GlobalSection(SolutionProperties) = preSolution
		HideSolutionNode = FALSE
	EndGlobalSection
	GlobalSection(ExtensibilityGlobals) = postSolution
		SolutionGuid = {9650A6D4-F9C7-45A5-87D3-C48C50F29BC8}
	EndGlobalSection
EndGlobal
